
Microsoft Visual Studio Solution File, Format Version 12.00
# Visual Studio Version 17
VisualStudioVersion = 17.8.34322.80
MinimumVisualStudioVersion = 10.0.40219.1
Project("{9A19103F-16F7-4668-BE54-9A1E7A4F7556}") = "ultralight", "BetterBooks\ultralight.csproj", "{D918E956-94A5-466D-BEFA-9596AC107B8D}"
EndProject
Project("{9A19103F-16F7-4668-BE54-9A1E7A4F7556}") = "CakeBuild", "CakeBuild\CakeBuild.csproj", "{0FC00056-1167-4706-A3A1-417BFF5B3F96}"
EndProject
Global
	GlobalSection(SolutionConfigurationPlatforms) = preSolution
		Debug|Any CPU = Debug|Any CPU
		Debug|x64 = Debug|x64
		Debug|x86 = Debug|x86
		Release|Any CPU = Release|Any CPU
		Release|x64 = Release|x64
		Release|x86 = Release|x86
	EndGlobalSection
	GlobalSection(ProjectConfigurationPlatforms) = postSolution
		{D918E956-94A5-466D-BEFA-9596AC107B8D}.Debug|Any CPU.ActiveCfg = Debug|Any CPU
		{D918E956-94A5-466D-BEFA-9596AC107B8D}.Debug|Any CPU.Build.0 = Debug|Any CPU
		{D918E956-94A5-466D-BEFA-9596AC107B8D}.Debug|x64.ActiveCfg = Debug|x64
		{D918E956-94A5-466D-BEFA-9596AC107B8D}.Debug|x64.Build.0 = Debug|x64
		{D918E956-94A5-466D-BEFA-9596AC107B8D}.Debug|x86.ActiveCfg = Debug|x86
		{D918E956-94A5-466D-BEFA-9596AC107B8D}.Debug|x86.Build.0 = Debug|x86
		{D918E956-94A5-466D-BEFA-9596AC107B8D}.Release|Any CPU.ActiveCfg = Release|Any CPU
		{D918E956-94A5-466D-BEFA-9596AC107B8D}.Release|Any CPU.Build.0 = Release|Any CPU
		{D918E956-94A5-466D-BEFA-9596AC107B8D}.Release|x64.ActiveCfg = Release|x64
		{D918E956-94A5-466D-BEFA-9596AC107B8D}.Release|x64.Build.0 = Release|x64
		{D918E956-94A5-466D-BEFA-9596AC107B8D}.Release|x86.ActiveCfg = Release|x86
		{D918E956-94A5-466D-BEFA-9596AC107B8D}.Release|x86.Build.0 = Release|x86
		{0FC00056-1167-4706-A3A1-417BFF5B3F96}.Debug|Any CPU.ActiveCfg = Debug|Any CPU
		{0FC00056-1167-4706-A3A1-417BFF5B3F96}.Debug|Any CPU.Build.0 = Debug|Any CPU
		{0FC00056-1167-4706-A3A1-417BFF5B3F96}.Debug|x64.ActiveCfg = Debug|Any CPU
		{0FC00056-1167-4706-A3A1-417BFF5B3F96}.Debug|x64.Build.0 = Debug|Any CPU
		{0FC00056-1167-4706-A3A1-417BFF5B3F96}.Debug|x86.ActiveCfg = Debug|Any CPU
		{0FC00056-1167-4706-A3A1-417BFF5B3F96}.Debug|x86.Build.0 = Debug|Any CPU
		{0FC00056-1167-4706-A3A1-417BFF5B3F96}.Release|Any CPU.ActiveCfg = Release|Any CPU
		{0FC00056-1167-4706-A3A1-417BFF5B3F96}.Release|Any CPU.Build.0 = Release|Any CPU
		{0FC00056-1167-4706-A3A1-417BFF5B3F96}.Release|x64.ActiveCfg = Release|Any CPU
		{0FC00056-1167-4706-A3A1-417BFF5B3F96}.Release|x64.Build.0 = Release|Any CPU
		{0FC00056-1167-4706-A3A1-417BFF5B3F96}.Release|x86.ActiveCfg = Release|Any CPU
		{0FC00056-1167-4706-A3A1-417BFF5B3F96}.Release|x86.Build.0 = Release|Any CPU
	EndGlobalSection
	GlobalSection(SolutionProperties) = preSolution
		HideSolutionNode = FALSE
	EndGlobalSection
	GlobalSection(ExtensibilityGlobals) = postSolution
		SolutionGuid = {2F313D71-4835-4DD8-9734-35DF3B859A18}
	EndGlobalSection
EndGlobal
